github.com/a-h/templ v0.2.432 h1:/8sSs0janzx/DvXlYi+3KUkZABvm7s3lejbvhPZ1rSg=
github.com/a-h/templ v0.2.432/go.mod h1:6Lfhsl3Z4/vXl7jjEjkJRCqoWDGjDnuKgzjYMDSddas=
github.com/yuin/gopher-lua v1.1.0 h1:BojcDhfyDWgU2f2TOzYK/g5p2gxMrku8oupLDqlnSqE=
github.com/yuin/gopher-lua v1.1.0/go.mod h1:GBR0iDaNXjAgGg9zfCvksxSRnQx76gclCIb7kdAd1Pw=
